
Microsoft Visual Studio Solution File, Format Version 12.00
# Visual Studio Version 17
VisualStudioVersion = 17.10.35013.160
MinimumVisualStudioVersion = 10.0.40219.1
Project("{FAE04EC0-301F-11D3-BF4B-00C04F79EFBC}") = "warehouse-inventory-user-management", "warehouse-inventory-user-management\warehouse-inventory-user-management.csproj", "{6BD793FA-DC24-42C5-8FCD-BF9F688D7C02}"
EndProject
Global
	GlobalSection(SolutionConfigurationPlatforms) = preSolution
		Debug|Any CPU = Debug|Any CPU
		Release|Any CPU = Release|Any CPU
	EndGlobalSection
	GlobalSection(ProjectConfigurationPlatforms) = postSolution
		{6BD793FA-DC24-42C5-8FCD-BF9F688D7C02}.Debug|Any CPU.ActiveCfg = Debug|Any CPU
		{6BD793FA-DC24-42C5-8FCD-BF9F688D7C02}.Debug|Any CPU.Build.0 = Debug|Any CPU
		{6BD793FA-DC24-42C5-8FCD-BF9F688D7C02}.Release|Any CPU.ActiveCfg = Release|Any CPU
		{6BD793FA-DC24-42C5-8FCD-BF9F688D7C02}.Release|Any CPU.Build.0 = Release|Any CPU
	EndGlobalSection
	GlobalSection(SolutionProperties) = preSolution
		HideSolutionNode = FALSE
	EndGlobalSection
	GlobalSection(ExtensibilityGlobals) = postSolution
		SolutionGuid = {52DE13B4-2DD5-430D-92AC-1685AFB42E8E}
	EndGlobalSection
EndGlobal
